// !$*UTF8*$!
{
	archiveVersion = 1;
	classes = {
	};
	objectVersion = 46;
	objects = {

/* Begin PBXBuildFile section */
		660C0DD11E28B39B00456C98 /* CHContentViewController.swift in Sources */ = {isa = PBXBuildFile; fileRef = 660C0DC71E28B39B00456C98 /* CHContentViewController.swift */; };
		660C0DD21E28B39B00456C98 /* CHControls.swift in Sources */ = {isa = PBXBuildFile; fileRef = 660C0DC81E28B39B00456C98 /* CHControls.swift */; };
		660C0DD31E28B39B00456C98 /* CHModalViewController.swift in Sources */ = {isa = PBXBuildFile; fileRef = 660C0DC91E28B39B00456C98 /* CHModalViewController.swift */; };
		660C0DD41E28B39B00456C98 /* CHPagingScrollViewController.swift in Sources */ = {isa = PBXBuildFile; fileRef = 660C0DCA1E28B39B00456C98 /* CHPagingScrollViewController.swift */; };
		660C0DD51E28B39B00456C98 /* CHPickerViewController.swift in Sources */ = {isa = PBXBuildFile; fileRef = 660C0DCB1E28B39B00456C98 /* CHPickerViewController.swift */; };
		660C0DD61E28B39B00456C98 /* DrawingCanvasView.swift in Sources */ = {isa = PBXBuildFile; fileRef = 660C0DCC1E28B39B00456C98 /* DrawingCanvasView.swift */; };
		660C0DD71E28B39B00456C98 /* FIlters.swift in Sources */ = {isa = PBXBuildFile; fileRef = 660C0DCD1E28B39B00456C98 /* FIlters.swift */; };
		660C0DD81E28B39B00456C98 /* NavigationControllers.swift in Sources */ = {isa = PBXBuildFile; fileRef = 660C0DCE1E28B39B00456C98 /* NavigationControllers.swift */; };
		660C0DD91E28B39B00456C98 /* RecordButton.swift in Sources */ = {isa = PBXBuildFile; fileRef = 660C0DCF1E28B39B00456C98 /* RecordButton.swift */; };
		6612BC391E24689E00A194A7 /* AppDelegate.swift in Sources */ = {isa = PBXBuildFile; fileRef = 6612BC381E24689E00A194A7 /* AppDelegate.swift */; };
		6612BC3B1E24689E00A194A7 /* ViewController.swift in Sources */ = {isa = PBXBuildFile; fileRef = 6612BC3A1E24689E00A194A7 /* ViewController.swift */; };
		6612BC411E24689E00A194A7 /* Vengie2.xcdatamodeld in Sources */ = {isa = PBXBuildFile; fileRef = 6612BC3F1E24689E00A194A7 /* Vengie2.xcdatamodeld */; };
		6612BC431E24689E00A194A7 /* Assets.xcassets in Resources */ = {isa = PBXBuildFile; fileRef = 6612BC421E24689E00A194A7 /* Assets.xcassets */; };
		6612BC461E24689E00A194A7 /* LaunchScreen.storyboard in Resources */ = {isa = PBXBuildFile; fileRef = 6612BC441E24689E00A194A7 /* LaunchScreen.storyboard */; };
		6612BC511E24689F00A194A7 /* Vengie2Tests.swift in Sources */ = {isa = PBXBuildFile; fileRef = 6612BC501E24689F00A194A7 /* Vengie2Tests.swift */; };
		6612BC5C1E24689F00A194A7 /* Vengie2UITests.swift in Sources */ = {isa = PBXBuildFile; fileRef = 6612BC5B1E24689F00A194A7 /* Vengie2UITests.swift */; };
		66C467EE1E25DF9600FC355A /* UIViewController+Navigation.swift in Sources */ = {isa = PBXBuildFile; fileRef = 66C467ED1E25DF9600FC355A /* UIViewController+Navigation.swift */; };
		66C467EF1E25DF9600FC355A /* UIViewController+Navigation.swift in Sources */ = {isa = PBXBuildFile; fileRef = 66C467ED1E25DF9600FC355A /* UIViewController+Navigation.swift */; };
		66C467F01E25DF9600FC355A /* UIViewController+Navigation.swift in Sources */ = {isa = PBXBuildFile; fileRef = 66C467ED1E25DF9600FC355A /* UIViewController+Navigation.swift */; };
/* End PBXBuildFile section */

/* Begin PBXContainerItemProxy section */
		6612BC4D1E24689F00A194A7 /* PBXContainerItemProxy */ = {
			isa = PBXContainerItemProxy;
			containerPortal = 6612BC2D1E24689E00A194A7 /* Project object */;
			proxyType = 1;
			remoteGlobalIDString = 6612BC341E24689E00A194A7;
			remoteInfo = Vengie2;
		};
		6612BC581E24689F00A194A7 /* PBXContainerItemProxy */ = {
			isa = PBXContainerItemProxy;
			containerPortal = 6612BC2D1E24689E00A194A7 /* Project object */;
			proxyType = 1;
			remoteGlobalIDString = 6612BC341E24689E00A194A7;
			remoteInfo = Vengie2;
		};
/* End PBXContainerItemProxy section */

/* Begin PBXFileReference section */
		660C0DC71E28B39B00456C98 /* CHContentViewController.swift */ = {isa = PBXFileReference; fileEncoding = 4; lastKnownFileType = sourcecode.swift; path = CHContentViewController.swift; sourceTree = "<group>"; };
		660C0DC81E28B39B00456C98 /* CHControls.swift */ = {isa = PBXFileReference; fileEncoding = 4; lastKnownFileType = sourcecode.swift; path = CHControls.swift; sourceTree = "<group>"; };
		660C0DC91E28B39B00456C98 /* CHModalViewController.swift */ = {isa = PBXFileReference; fileEncoding = 4; lastKnownFileType = sourcecode.swift; path = CHModalViewController.swift; sourceTree = "<group>"; };
		660C0DCA1E28B39B00456C98 /* CHPagingScrollViewController.swift */ = {isa = PBXFileReference; fileEncoding = 4; lastKnownFileType = sourcecode.swift; path = CHPagingScrollViewController.swift; sourceTree = "<group>"; };
		660C0DCB1E28B39B00456C98 /* CHPickerViewController.swift */ = {isa = PBXFileReference; fileEncoding = 4; lastKnownFileType = sourcecode.swift; path = CHPickerViewController.swift; sourceTree = "<group>"; };
		660C0DCC1E28B39B00456C98 /* DrawingCanvasView.swift */ = {isa = PBXFileReference; fileEncoding = 4; lastKnownFileType = sourcecode.swift; path = DrawingCanvasView.swift; sourceTree = "<group>"; };
		660C0DCD1E28B39B00456C98 /* FIlters.swift */ = {isa = PBXFileReference; fileEncoding = 4; lastKnownFileType = sourcecode.swift; path = FIlters.swift; sourceTree = "<group>"; };
		660C0DCE1E28B39B00456C98 /* NavigationControllers.swift */ = {isa = PBXFileReference; fileEncoding = 4; lastKnownFileType = sourcecode.swift; path = NavigationControllers.swift; sourceTree = "<group>"; };
		660C0DCF1E28B39B00456C98 /* RecordButton.swift */ = {isa = PBXFileReference; fileEncoding = 4; lastKnownFileType = sourcecode.swift; path = RecordButton.swift; sourceTree = "<group>"; };
		6612BC351E24689E00A194A7 /* Vengie2.app */ = {isa = PBXFileReference; explicitFileType = wrapper.application; includeInIndex = 0; path = Vengie2.app; sourceTree = BUILT_PRODUCTS_DIR; };
		6612BC381E24689E00A194A7 /* AppDelegate.swift */ = {isa = PBXFileReference; lastKnownFileType = sourcecode.swift; path = AppDelegate.swift; sourceTree = "<group>"; };
		6612BC3A1E24689E00A194A7 /* ViewController.swift */ = {isa = PBXFileReference; lastKnownFileType = sourcecode.swift; path = ViewController.swift; sourceTree = "<group>"; };
		6612BC401E24689E00A194A7 /* Vengie2.xcdatamodel */ = {isa = PBXFileReference; lastKnownFileType = wrapper.xcdatamodel; path = Vengie2.xcdatamodel; sourceTree = "<group>"; };
		6612BC421E24689E00A194A7 /* Assets.xcassets */ = {isa = PBXFileReference; lastKnownFileType = folder.assetcatalog; path = Assets.xcassets; sourceTree = "<group>"; };
		6612BC451E24689E00A194A7 /* Base */ = {isa = PBXFileReference; lastKnownFileType = file.storyboard; name = Base; path = Base.lproj/LaunchScreen.storyboard; sourceTree = "<group>"; };
		6612BC471E24689E00A194A7 /* Info.plist */ = {isa = PBXFileReference; lastKnownFileType = text.plist.xml; path = Info.plist; sourceTree = "<group>"; };
		6612BC4C1E24689F00A194A7 /* Vengie2Tests.xctest */ = {isa = PBXFileReference; explicitFileType = wrapper.cfbundle; includeInIndex = 0; path = Vengie2Tests.xctest; sourceTree = BUILT_PRODUCTS_DIR; };
		6612BC501E24689F00A194A7 /* Vengie2Tests.swift */ = {isa = PBXFileReference; lastKnownFileType = sourcecode.swift; path = Vengie2Tests.swift; sourceTree = "<group>"; };
		6612BC521E24689F00A194A7 /* Info.plist */ = {isa = PBXFileReference; lastKnownFileType = text.plist.xml; path = Info.plist; sourceTree = "<group>"; };
		6612BC571E24689F00A194A7 /* Vengie2UITests.xctest */ = {isa = PBXFileReference; explicitFileType = wrapper.cfbundle; includeInIndex = 0; path = Vengie2UITests.xctest; sourceTree = BUILT_PRODUCTS_DIR; };
		6612BC5B1E24689F00A194A7 /* Vengie2UITests.swift */ = {isa = PBXFileReference; lastKnownFileType = sourcecode.swift; path = Vengie2UITests.swift; sourceTree = "<group>"; };
		6612BC5D1E24689F00A194A7 /* Info.plist */ = {isa = PBXFileReference; lastKnownFileType = text.plist.xml; path = Info.plist; sourceTree = "<group>"; };
		66C467ED1E25DF9600FC355A /* UIViewController+Navigation.swift */ = {isa = PBXFileReference; fileEncoding = 4; lastKnownFileType = sourcecode.swift; path = "UIViewController+Navigation.swift"; sourceTree = "<group>"; };
/* End PBXFileReference section */

/* Begin PBXFrameworksBuildPhase section */
		6612BC321E24689E00A194A7 /* Frameworks */ = {
			isa = PBXFrameworksBuildPhase;
			buildActionMask = 2147483647;
			files = (
			);
			runOnlyForDeploymentPostprocessing = 0;
		};
		6612BC491E24689F00A194A7 /* Frameworks */ = {
			isa = PBXFrameworksBuildPhase;
			buildActionMask = 2147483647;
			files = (
			);
			runOnlyForDeploymentPostprocessing = 0;
		};
		6612BC541E24689F00A194A7 /* Frameworks */ = {
			isa = PBXFrameworksBuildPhase;
			buildActionMask = 2147483647;
			files = (
			);
			runOnlyForDeploymentPostprocessing = 0;
		};
/* End PBXFrameworksBuildPhase section */

/* Begin PBXGroup section */
		660C0DC61E28B39B00456C98 /* Sources */ = {
			isa = PBXGroup;
			children = (
				660C0DC71E28B39B00456C98 /* CHContentViewController.swift */,
				660C0DC81E28B39B00456C98 /* CHControls.swift */,
				660C0DC91E28B39B00456C98 /* CHModalViewController.swift */,
				660C0DCA1E28B39B00456C98 /* CHPagingScrollViewController.swift */,
				660C0DCB1E28B39B00456C98 /* CHPickerViewController.swift */,
				660C0DCC1E28B39B00456C98 /* DrawingCanvasView.swift */,
				660C0DCD1E28B39B00456C98 /* FIlters.swift */,
				660C0DCE1E28B39B00456C98 /* NavigationControllers.swift */,
				660C0DCF1E28B39B00456C98 /* RecordButton.swift */,
			);
			path = Sources;
			sourceTree = "<group>";
		};
		6612BC2C1E24689E00A194A7 = {
			isa = PBXGroup;
			children = (
				660C0DC61E28B39B00456C98 /* Sources */,
				6612BC371E24689E00A194A7 /* Vengie2 */,
				6612BC4F1E24689F00A194A7 /* Vengie2Tests */,
				6612BC5A1E24689F00A194A7 /* Vengie2UITests */,
				6612BC361E24689E00A194A7 /* Products */,
			);
			sourceTree = "<group>";
		};
		6612BC361E24689E00A194A7 /* Products */ = {
			isa = PBXGroup;
			children = (
				6612BC351E24689E00A194A7 /* Vengie2.app */,
				6612BC4C1E24689F00A194A7 /* Vengie2Tests.xctest */,
				6612BC571E24689F00A194A7 /* Vengie2UITests.xctest */,
			);
			name = Products;
			sourceTree = "<group>";
		};
		6612BC371E24689E00A194A7 /* Vengie2 */ = {
			isa = PBXGroup;
			children = (
				6612BC381E24689E00A194A7 /* AppDelegate.swift */,
				6612BC3A1E24689E00A194A7 /* ViewController.swift */,
				66C467ED1E25DF9600FC355A /* UIViewController+Navigation.swift */,
				6612BC421E24689E00A194A7 /* Assets.xcassets */,
				6612BC441E24689E00A194A7 /* LaunchScreen.storyboard */,
				6612BC471E24689E00A194A7 /* Info.plist */,
				6612BC3F1E24689E00A194A7 /* Vengie2.xcdatamodeld */,
			);
			path = Vengie2;
			sourceTree = "<group>";
		};
		6612BC4F1E24689F00A194A7 /* Vengie2Tests */ = {
			isa = PBXGroup;
			children = (
				6612BC501E24689F00A194A7 /* Vengie2Tests.swift */,
				6612BC521E24689F00A194A7 /* Info.plist */,
			);
			path = Vengie2Tests;
			sourceTree = "<group>";
		};
		6612BC5A1E24689F00A194A7 /* Vengie2UITests */ = {
			isa = PBXGroup;
			children = (
				6612BC5B1E24689F00A194A7 /* Vengie2UITests.swift */,
				6612BC5D1E24689F00A194A7 /* Info.plist */,
			);
			path = Vengie2UITests;
			sourceTree = "<group>";
		};
/* End PBXGroup section */

/* Begin PBXNativeTarget section */
		6612BC341E24689E00A194A7 /* Vengie2 */ = {
			isa = PBXNativeTarget;
			buildConfigurationList = 6612BC601E24689F00A194A7 /* Build configuration list for PBXNativeTarget "Vengie2" */;
			buildPhases = (
				6612BC311E24689E00A194A7 /* Sources */,
				6612BC321E24689E00A194A7 /* Frameworks */,
				6612BC331E24689E00A194A7 /* Resources */,
			);
			buildRules = (
			);
			dependencies = (
			);
			name = Vengie2;
			productName = Vengie2;
			productReference = 6612BC351E24689E00A194A7 /* Vengie2.app */;
			productType = "com.apple.product-type.application";
		};
		6612BC4B1E24689F00A194A7 /* Vengie2Tests */ = {
			isa = PBXNativeTarget;
			buildConfigurationList = 6612BC631E24689F00A194A7 /* Build configuration list for PBXNativeTarget "Vengie2Tests" */;
			buildPhases = (
				6612BC481E24689F00A194A7 /* Sources */,
				6612BC491E24689F00A194A7 /* Frameworks */,
				6612BC4A1E24689F00A194A7 /* Resources */,
			);
			buildRules = (
			);
			dependencies = (
				6612BC4E1E24689F00A194A7 /* PBXTargetDependency */,
			);
			name = Vengie2Tests;
			productName = Vengie2Tests;
			productReference = 6612BC4C1E24689F00A194A7 /* Vengie2Tests.xctest */;
			productType = "com.apple.product-type.bundle.unit-test";
		};
		6612BC561E24689F00A194A7 /* Vengie2UITests */ = {
			isa = PBXNativeTarget;
			buildConfigurationList = 6612BC661E24689F00A194A7 /* Build configuration list for PBXNativeTarget "Vengie2UITests" */;
			buildPhases = (
				6612BC531E24689F00A194A7 /* Sources */,
				6612BC541E24689F00A194A7 /* Frameworks */,
				6612BC551E24689F00A194A7 /* Resources */,
			);
			buildRules = (
			);
			dependencies = (
				6612BC591E24689F00A194A7 /* PBXTargetDependency */,
			);
			name = Vengie2UITests;
			productName = Vengie2UITests;
			productReference = 6612BC571E24689F00A194A7 /* Vengie2UITests.xctest */;
			productType = "com.apple.product-type.bundle.ui-testing";
		};
/* End PBXNativeTarget section */

/* Begin PBXProject section */
		6612BC2D1E24689E00A194A7 /* Project object */ = {
			isa = PBXProject;
			attributes = {
				LastSwiftUpdateCheck = 0820;
				LastUpgradeCheck = 0820;
				ORGANIZATIONNAME = CAUADC;
				TargetAttributes = {
					6612BC341E24689E00A194A7 = {
						CreatedOnToolsVersion = 8.2.1;
						ProvisioningStyle = Automatic;
					};
					6612BC4B1E24689F00A194A7 = {
						CreatedOnToolsVersion = 8.2.1;
						ProvisioningStyle = Automatic;
						TestTargetID = 6612BC341E24689E00A194A7;
					};
					6612BC561E24689F00A194A7 = {
						CreatedOnToolsVersion = 8.2.1;
						ProvisioningStyle = Automatic;
						TestTargetID = 6612BC341E24689E00A194A7;
					};
				};
			};
			buildConfigurationList = 6612BC301E24689E00A194A7 /* Build configuration list for PBXProject "Vengie2" */;
			compatibilityVersion = "Xcode 3.2";
			developmentRegion = English;
			hasScannedForEncodings = 0;
			knownRegions = (
				en,
				Base,
			);
			mainGroup = 6612BC2C1E24689E00A194A7;
			productRefGroup = 6612BC361E24689E00A194A7 /* Products */;
			projectDirPath = "";
			projectRoot = "";
			targets = (
				6612BC341E24689E00A194A7 /* Vengie2 */,
				6612BC4B1E24689F00A194A7 /* Vengie2Tests */,
				6612BC561E24689F00A194A7 /* Vengie2UITests */,
			);
		};
/* End PBXProject section */

/* Begin PBXResourcesBuildPhase section */
		6612BC331E24689E00A194A7 /* Resources */ = {
			isa = PBXResourcesBuildPhase;
			buildActionMask = 2147483647;
			files = (
				6612BC461E24689E00A194A7 /* LaunchScreen.storyboard in Resources */,
				6612BC431E24689E00A194A7 /* Assets.xcassets in Resources */,
			);
			runOnlyForDeploymentPostprocessing = 0;
		};
		6612BC4A1E24689F00A194A7 /* Resources */ = {
			isa = PBXResourcesBuildPhase;
			buildActionMask = 2147483647;
			files = (
			);
			runOnlyForDeploymentPostprocessing = 0;
		};
		6612BC551E24689F00A194A7 /* Resources */ = {
			isa = PBXResourcesBuildPhase;
			buildActionMask = 2147483647;
			files = (
			);
			runOnlyForDeploymentPostprocessing = 0;
		};
/* End PBXResourcesBuildPhase section */

/* Begin PBXSourcesBuildPhase section */
		6612BC311E24689E00A194A7 /* Sources */ = {
			isa = PBXSourcesBuildPhase;
			buildActionMask = 2147483647;
			files = (
				66C467EE1E25DF9600FC355A /* UIViewController+Navigation.swift in Sources */,
				660C0DD81E28B39B00456C98 /* NavigationControllers.swift in Sources */,
				6612BC411E24689E00A194A7 /* Vengie2.xcdatamodeld in Sources */,
				660C0DD71E28B39B00456C98 /* FIlters.swift in Sources */,
				660C0DD91E28B39B00456C98 /* RecordButton.swift in Sources */,
				660C0DD11E28B39B00456C98 /* CHContentViewController.swift in Sources */,
				660C0DD51E28B39B00456C98 /* CHPickerViewController.swift in Sources */,
				660C0DD31E28B39B00456C98 /* CHModalViewController.swift in Sources */,
				660C0DD61E28B39B00456C98 /* DrawingCanvasView.swift in Sources */,
				660C0DD41E28B39B00456C98 /* CHPagingScrollViewController.swift in Sources */,
				6612BC3B1E24689E00A194A7 /* ViewController.swift in Sources */,
				660C0DD21E28B39B00456C98 /* CHControls.swift in Sources */,
				6612BC391E24689E00A194A7 /* AppDelegate.swift in Sources */,
			);
			runOnlyForDeploymentPostprocessing = 0;
		};
		6612BC481E24689F00A194A7 /* Sources */ = {
			isa = PBXSourcesBuildPhase;
			buildActionMask = 2147483647;
			files = (
				66C467EF1E25DF9600FC355A /* UIViewController+Navigation.swift in Sources */,
				6612BC511E24689F00A194A7 /* Vengie2Tests.swift in Sources */,
			);
			runOnlyForDeploymentPostprocessing = 0;
		};
		6612BC531E24689F00A194A7 /* Sources */ = {
			isa = PBXSourcesBuildPhase;
			buildActionMask = 2147483647;
			files = (
				66C467F01E25DF9600FC355A /* UIViewController+Navigation.swift in Sources */,
				6612BC5C1E24689F00A194A7 /* Vengie2UITests.swift in Sources */,
			);
			runOnlyForDeploymentPostprocessing = 0;
		};
/* End PBXSourcesBuildPhase section */

/* Begin PBXTargetDependency section */
		6612BC4E1E24689F00A194A7 /* PBXTargetDependency */ = {
			isa = PBXTargetDependency;
			target = 6612BC341E24689E00A194A7 /* Vengie2 */;
			targetProxy = 6612BC4D1E24689F00A194A7 /* PBXContainerItemProxy */;
		};
		6612BC591E24689F00A194A7 /* PBXTargetDependency */ = {
			isa = PBXTargetDependency;
			target = 6612BC341E24689E00A194A7 /* Vengie2 */;
			targetProxy = 6612BC581E24689F00A194A7 /* PBXContainerItemProxy */;
		};
/* End PBXTargetDependency section */

/* Begin PBXVariantGroup section */
		6612BC441E24689E00A194A7 /* LaunchScreen.storyboard */ = {
			isa = PBXVariantGroup;
			children = (
				6612BC451E24689E00A194A7 /* Base */,
			);
			name = LaunchScreen.storyboard;
			sourceTree = "<group>";
		};
/* End PBXVariantGroup section */

/* Begin XCBuildConfiguration section */
		6612BC5E1E24689F00A194A7 /* Debug */ = {
			isa = XCBuildConfiguration;
			buildSettings = {
				ALWAYS_SEARCH_USER_PATHS = NO;
				CLANG_ANALYZER_NONNULL = YES;
				CLANG_CXX_LANGUAGE_STANDARD = "gnu++0x";
				CLANG_CXX_LIBRARY = "libc++";
				CLANG_ENABLE_MODULES = YES;
				CLANG_ENABLE_OBJC_ARC = YES;
				CLANG_WARN_BOOL_CONVERSION = YES;
				CLANG_WARN_CONSTANT_CONVERSION = YES;
				CLANG_WARN_DIRECT_OBJC_ISA_USAGE = YES_ERROR;
				CLANG_WARN_DOCUMENTATION_COMMENTS = YES;
				CLANG_WARN_EMPTY_BODY = YES;
				CLANG_WARN_ENUM_CONVERSION = YES;
				CLANG_WARN_INFINITE_RECURSION = YES;
				CLANG_WARN_INT_CONVERSION = YES;
				CLANG_WARN_OBJC_ROOT_CLASS = YES_ERROR;
				CLANG_WARN_SUSPICIOUS_MOVE = YES;
				CLANG_WARN_UNREACHABLE_CODE = YES;
				CLANG_WARN__DUPLICATE_METHOD_MATCH = YES;
				"CODE_SIGN_IDENTITY[sdk=iphoneos*]" = "iPhone Developer";
				COPY_PHASE_STRIP = NO;
				DEBUG_INFORMATION_FORMAT = dwarf;
				ENABLE_STRICT_OBJC_MSGSEND = YES;
				ENABLE_TESTABILITY = YES;
				GCC_C_LANGUAGE_STANDARD = gnu99;
				GCC_DYNAMIC_NO_PIC = NO;
				GCC_NO_COMMON_BLOCKS = YES;
				GCC_OPTIMIZATION_LEVEL = 0;
				GCC_PREPROCESSOR_DEFINITIONS = (
					"DEBUG=1",
					"$(inherited)",
				);
				GCC_WARN_64_TO_32_BIT_CONVERSION = YES;
				GCC_WARN_ABOUT_RETURN_TYPE = YES_ERROR;
				GCC_WARN_UNDECLARED_SELECTOR = YES;
				GCC_WARN_UNINITIALIZED_AUTOS = YES_AGGRESSIVE;
				GCC_WARN_UNUSED_FUNCTION = YES;
				GCC_WARN_UNUSED_VARIABLE = YES;
				IPHONEOS_DEPLOYMENT_TARGET = 10.2;
				MTL_ENABLE_DEBUG_INFO = YES;
				ONLY_ACTIVE_ARCH = YES;
				SDKROOT = iphoneos;
				SWIFT_ACTIVE_COMPILATION_CONDITIONS = DEBUG;
				SWIFT_OPTIMIZATION_LEVEL = "-Onone";
				TARGETED_DEVICE_FAMILY = "1,2";
			};
			name = Debug;
		};
		6612BC5F1E24689F00A194A7 /* Release */ = {
			isa = XCBuildConfiguration;
			buildSettings = {
				ALWAYS_SEARCH_USER_PATHS = NO;
				CLANG_ANALYZER_NONNULL = YES;
				CLANG_CXX_LANGUAGE_STANDARD = "gnu++0x";
				CLANG_CXX_LIBRARY = "libc++";
				CLANG_ENABLE_MODULES = YES;
				CLANG_ENABLE_OBJC_ARC = YES;
				CLANG_WARN_BOOL_CONVERSION = YES;
				CLANG_WARN_CONSTANT_CONVERSION = YES;
				CLANG_WARN_DIRECT_OBJC_ISA_USAGE = YES_ERROR;
				CLANG_WARN_DOCUMENTATION_COMMENTS = YES;
				CLANG_WARN_EMPTY_BODY = YES;
				CLANG_WARN_ENUM_CONVERSION = YES;
				CLANG_WARN_INFINITE_RECURSION = YES;
				CLANG_WARN_INT_CONVERSION = YES;
				CLANG_WARN_OBJC_ROOT_CLASS = YES_ERROR;
				CLANG_WARN_SUSPICIOUS_MOVE = YES;
				CLANG_WARN_UNREACHABLE_CODE = YES;
				CLANG_WARN__DUPLICATE_METHOD_MATCH = YES;
				"CODE_SIGN_IDENTITY[sdk=iphoneos*]" = "iPhone Developer";
				COPY_PHASE_STRIP = NO;
				DEBUG_INFORMATION_FORMAT = "dwarf-with-dsym";
				ENABLE_NS_ASSERTIONS = NO;
				ENABLE_STRICT_OBJC_MSGSEND = YES;
				GCC_C_LANGUAGE_STANDARD = gnu99;
				GCC_NO_COMMON_BLOCKS = YES;
				GCC_WARN_64_TO_32_BIT_CONVERSION = YES;
				GCC_WARN_ABOUT_RETURN_TYPE = YES_ERROR;
				GCC_WARN_UNDECLARED_SELECTOR = YES;
				GCC_WARN_UNINITIALIZED_AUTOS = YES_AGGRESSIVE;
				GCC_WARN_UNUSED_FUNCTION = YES;
				GCC_WARN_UNUSED_VARIABLE = YES;
				IPHONEOS_DEPLOYMENT_TARGET = 10.2;
				MTL_ENABLE_DEBUG_INFO = NO;
				SDKROOT = iphoneos;
				SWIFT_OPTIMIZATION_LEVEL = "-Owholemodule";
				TARGETED_DEVICE_FAMILY = "1,2";
				VALIDATE_PRODUCT = YES;
			};
			name = Release;
		};
		6612BC611E24689F00A194A7 /* Debug */ = {
			isa = XCBuildConfiguration;
			buildSettings = {
				ASSETCATALOG_COMPILER_APPICON_NAME = AppIcon;
				INFOPLIST_FILE = Vengie2/Info.plist;
				LD_RUNPATH_SEARCH_PATHS = "$(inherited) @executable_path/Frameworks";
				PRODUCT_BUNDLE_IDENTIFIER = kr.ac.cau.Vengie2;
				PRODUCT_NAME = "$(TARGET_NAME)";
				SWIFT_VERSION = 3.0;
			};
			name = Debug;
		};
		6612BC621E24689F00A194A7 /* Release */ = {
			isa = XCBuildConfiguration;
			buildSettings = {
				ASSETCATALOG_COMPILER_APPICON_NAME = AppIcon;
				INFOPLIST_FILE = Vengie2/Info.plist;
				LD_RUNPATH_SEARCH_PATHS = "$(inherited) @executable_path/Frameworks";
				PRODUCT_BUNDLE_IDENTIFIER = kr.ac.cau.Vengie2;
				PRODUCT_NAME = "$(TARGET_NAME)";
				SWIFT_VERSION = 3.0;
			};
			name = Release;
		};
		6612BC641E24689F00A194A7 /* Debug */ = {
			isa = XCBuildConfiguration;
			buildSettings = {
				ALWAYS_EMBED_SWIFT_STANDARD_LIBRARIES = YES;
				BUNDLE_LOADER = "$(TEST_HOST)";
				INFOPLIST_FILE = Vengie2Tests/Info.plist;
				LD_RUNPATH_SEARCH_PATHS = "$(inherited) @executable_path/Frameworks @loader_path/Frameworks";
				PRODUCT_BUNDLE_IDENTIFIER = kr.ac.cau.Vengie2Tests;
				PRODUCT_NAME = "$(TARGET_NAME)";
				SWIFT_VERSION = 3.0;
				TEST_HOST = "$(BUILT_PRODUCTS_DIR)/Vengie2.app/Vengie2";
			};
			name = Debug;
		};
		6612BC651E24689F00A194A7 /* Release */ = {
			isa = XCBuildConfiguration;
			buildSettings = {
				ALWAYS_EMBED_SWIFT_STANDARD_LIBRARIES = YES;
				BUNDLE_LOADER = "$(TEST_HOST)";
				INFOPLIST_FILE = Vengie2Tests/Info.plist;
				LD_RUNPATH_SEARCH_PATHS = "$(inherited) @executable_path/Frameworks @loader_path/Frameworks";
				PRODUCT_BUNDLE_IDENTIFIER = kr.ac.cau.Vengie2Tests;
				PRODUCT_NAME = "$(TARGET_NAME)";
				SWIFT_VERSION = 3.0;
				TEST_HOST = "$(BUILT_PRODUCTS_DIR)/Vengie2.app/Vengie2";
			};
			name = Release;
		};
		6612BC671E24689F00A194A7 /* Debug */ = {
			isa = XCBuildConfiguration;
			buildSettings = {
				ALWAYS_EMBED_SWIFT_STANDARD_LIBRARIES = YES;
				INFOPLIST_FILE = Vengie2UITests/Info.plist;
				LD_RUNPATH_SEARCH_PATHS = "$(inherited) @executable_path/Frameworks @loader_path/Frameworks";
				PRODUCT_BUNDLE_IDENTIFIER = kr.ac.cau.Vengie2UITests;
				PRODUCT_NAME = "$(TARGET_NAME)";
				SWIFT_VERSION = 3.0;
				TEST_TARGET_NAME = Vengie2;
			};
			name = Debug;
		};
		6612BC681E24689F00A194A7 /* Release */ = {
			isa = XCBuildConfiguration;
			buildSettings = {
				ALWAYS_EMBED_SWIFT_STANDARD_LIBRARIES = YES;
				INFOPLIST_FILE = Vengie2UITests/Info.plist;
				LD_RUNPATH_SEARCH_PATHS = "$(inherited) @executable_path/Frameworks @loader_path/Frameworks";
				PRODUCT_BUNDLE_IDENTIFIER = kr.ac.cau.Vengie2UITests;
				PRODUCT_NAME = "$(TARGET_NAME)";
				SWIFT_VERSION = 3.0;
				TEST_TARGET_NAME = Vengie2;
			};
			name = Release;
		};
/* End XCBuildConfiguration section */

/* Begin XCConfigurationList section */
		6612BC301E24689E00A194A7 /* Build configuration list for PBXProject "Vengie2" */ = {
			isa = XCConfigurationList;
			buildConfigurations = (
				6612BC5E1E24689F00A194A7 /* Debug */,
				6612BC5F1E24689F00A194A7 /* Release */,
			);
			defaultConfigurationIsVisible = 0;
			defaultConfigurationName = Release;
		};
		6612BC601E24689F00A194A7 /* Build configuration list for PBXNativeTarget "Vengie2" */ = {
			isa = XCConfigurationList;
			buildConfigurations = (
				6612BC611E24689F00A194A7 /* Debug */,
				6612BC621E24689F00A194A7 /* Release */,
			);
			defaultConfigurationIsVisible = 0;
			defaultConfigurationName = Release;
		};
		6612BC631E24689F00A194A7 /* Build configuration list for PBXNativeTarget "Vengie2Tests" */ = {
			isa = XCConfigurationList;
			buildConfigurations = (
				6612BC641E24689F00A194A7 /* Debug */,
				6612BC651E24689F00A194A7 /* Release */,
			);
			defaultConfigurationIsVisible = 0;
			defaultConfigurationName = Release;
		};
		6612BC661E24689F00A194A7 /* Build configuration list for PBXNativeTarget "Vengie2UITests" */ = {
			isa = XCConfigurationList;
			buildConfigurations = (
				6612BC671E24689F00A194A7 /* Debug */,
				6612BC681E24689F00A194A7 /* Release */,
			);
			defaultConfigurationIsVisible = 0;
			defaultConfigurationName = Release;
		};
/* End XCConfigurationList section */

/* Begin XCVersionGroup section */
		6612BC3F1E24689E00A194A7 /* Vengie2.xcdatamodeld */ = {
			isa = XCVersionGroup;
			children = (
				6612BC401E24689E00A194A7 /* Vengie2.xcdatamodel */,
			);
			currentVersion = 6612BC401E24689E00A194A7 /* Vengie2.xcdatamodel */;
			path = Vengie2.xcdatamodeld;
			sourceTree = "<group>";
			versionGroupType = wrapper.xcdatamodel;
		};
/* End XCVersionGroup section */
	};
	rootObject = 6612BC2D1E24689E00A194A7 /* Project object */;
}
